
Microsoft Visual Studio Solution File, Format Version 12.00
# Visual Studio Version 17
VisualStudioVersion = 17.8.34330.188
MinimumVisualStudioVersion = 10.0.40219.1
Project("{FAE04EC0-301F-11D3-BF4B-00C04F79EFBC}") = "JWT_Token_Example", "JWT_Token_Example\JWT_Token_Example.csproj", "{D92F24E3-AC85-429A-A751-4B46CAFFB41E}"
EndProject
Global
	GlobalSection(SolutionConfigurationPlatforms) = preSolution
		Debug|Any CPU = Debug|Any CPU
		Release|Any CPU = Release|Any CPU
	EndGlobalSection
	GlobalSection(ProjectConfigurationPlatforms) = postSolution
		{D92F24E3-AC85-429A-A751-4B46CAFFB41E}.Debug|Any CPU.ActiveCfg = Debug|Any CPU
		{D92F24E3-AC85-429A-A751-4B46CAFFB41E}.Debug|Any CPU.Build.0 = Debug|Any CPU
		{D92F24E3-AC85-429A-A751-4B46CAFFB41E}.Release|Any CPU.ActiveCfg = Release|Any CPU
		{D92F24E3-AC85-429A-A751-4B46CAFFB41E}.Release|Any CPU.Build.0 = Release|Any CPU
	EndGlobalSection
	GlobalSection(SolutionProperties) = preSolution
		HideSolutionNode = FALSE
	EndGlobalSection
	GlobalSection(ExtensibilityGlobals) = postSolution
		SolutionGuid = {953DBF9F-CD6D-46B8-860A-1357B52A5406}
	EndGlobalSection
EndGlobal
